// !$*UTF8*$!
{
	archiveVersion = 1;
	classes = {
	};
	objectVersion = 50;
	objects = {

/* Begin PBXBuildFile section */
		33996507248C8B5500FDA207 /* AppDelegate.swift in Sources */ = {isa = PBXBuildFile; fileRef = 33996506248C8B5500FDA207 /* AppDelegate.swift */; };
		33996509248C8B5500FDA207 /* SceneDelegate.swift in Sources */ = {isa = PBXBuildFile; fileRef = 33996508248C8B5500FDA207 /* SceneDelegate.swift */; };
		3399650B248C8B5500FDA207 /* ViewController.swift in Sources */ = {isa = PBXBuildFile; fileRef = 3399650A248C8B5500FDA207 /* ViewController.swift */; };
		3399650E248C8B5500FDA207 /* Main.storyboard in Resources */ = {isa = PBXBuildFile; fileRef = 3399650C248C8B5500FDA207 /* Main.storyboard */; };
		33996510248C8B6400FDA207 /* Assets.xcassets in Resources */ = {isa = PBXBuildFile; fileRef = 3399650F248C8B6400FDA207 /* Assets.xcassets */; };
		33996513248C8B6400FDA207 /* LaunchScreen.storyboard in Resources */ = {isa = PBXBuildFile; fileRef = 33996511248C8B6400FDA207 /* LaunchScreen.storyboard */; };
		3399651E248C8B6500FDA207 /* bango3Tests.swift in Sources */ = {isa = PBXBuildFile; fileRef = 3399651D248C8B6500FDA207 /* bango3Tests.swift */; };
		33996529248C8B6500FDA207 /* bango3UITests.swift in Sources */ = {isa = PBXBuildFile; fileRef = 33996528248C8B6500FDA207 /* bango3UITests.swift */; };
/* End PBXBuildFile section */

/* Begin PBXContainerItemProxy section */
		3399651A248C8B6500FDA207 /* PBXContainerItemProxy */ = {
			isa = PBXContainerItemProxy;
			containerPortal = 339964FB248C8B5500FDA207 /* Project object */;
			proxyType = 1;
			remoteGlobalIDString = 33996502248C8B5500FDA207;
			remoteInfo = bango3;
		};
		33996525248C8B6500FDA207 /* PBXContainerItemProxy */ = {
			isa = PBXContainerItemProxy;
			containerPortal = 339964FB248C8B5500FDA207 /* Project object */;
			proxyType = 1;
			remoteGlobalIDString = 33996502248C8B5500FDA207;
			remoteInfo = bango3;
		};
/* End PBXContainerItemProxy section */

/* Begin PBXFileReference section */
		33996503248C8B5500FDA207 /* bango3.app */ = {isa = PBXFileReference; explicitFileType = wrapper.application; includeInIndex = 0; path = bango3.app; sourceTree = BUILT_PRODUCTS_DIR; };
		33996506248C8B5500FDA207 /* AppDelegate.swift */ = {isa = PBXFileReference; lastKnownFileType = sourcecode.swift; path = AppDelegate.swift; sourceTree = "<group>"; };
		33996508248C8B5500FDA207 /* SceneDelegate.swift */ = {isa = PBXFileReference; lastKnownFileType = sourcecode.swift; path = SceneDelegate.swift; sourceTree = "<group>"; };
		3399650A248C8B5500FDA207 /* ViewController.swift */ = {isa = PBXFileReference; lastKnownFileType = sourcecode.swift; path = ViewController.swift; sourceTree = "<group>"; };
		3399650D248C8B5500FDA207 /* Base */ = {isa = PBXFileReference; lastKnownFileType = file.storyboard; name = Base; path = Base.lproj/Main.storyboard; sourceTree = "<group>"; };
		3399650F248C8B6400FDA207 /* Assets.xcassets */ = {isa = PBXFileReference; lastKnownFileType = folder.assetcatalog; path = Assets.xcassets; sourceTree = "<group>"; };
		33996512248C8B6400FDA207 /* Base */ = {isa = PBXFileReference; lastKnownFileType = file.storyboard; name = Base; path = Base.lproj/LaunchScreen.storyboard; sourceTree = "<group>"; };
		33996514248C8B6400FDA207 /* Info.plist */ = {isa = PBXFileReference; lastKnownFileType = text.plist.xml; path = Info.plist; sourceTree = "<group>"; };
		33996519248C8B6500FDA207 /* bango3Tests.xctest */ = {isa = PBXFileReference; explicitFileType = wrapper.cfbundle; includeInIndex = 0; path = bango3Tests.xctest; sourceTree = BUILT_PRODUCTS_DIR; };
		3399651D248C8B6500FDA207 /* bango3Tests.swift */ = {isa = PBXFileReference; lastKnownFileType = sourcecode.swift; path = bango3Tests.swift; sourceTree = "<group>"; };
		3399651F248C8B6500FDA207 /* Info.plist */ = {isa = PBXFileReference; lastKnownFileType = text.plist.xml; path = Info.plist; sourceTree = "<group>"; };
		33996524248C8B6500FDA207 /* bango3UITests.xctest */ = {isa = PBXFileReference; explicitFileType = wrapper.cfbundle; includeInIndex = 0; path = bango3UITests.xctest; sourceTree = BUILT_PRODUCTS_DIR; };
		33996528248C8B6500FDA207 /* bango3UITests.swift */ = {isa = PBXFileReference; lastKnownFileType = sourcecode.swift; path = bango3UITests.swift; sourceTree = "<group>"; };
		3399652A248C8B6500FDA207 /* Info.plist */ = {isa = PBXFileReference; lastKnownFileType = text.plist.xml; path = Info.plist; sourceTree = "<group>"; };
/* End PBXFileReference section */

/* Begin PBXFrameworksBuildPhase section */
		33996500248C8B5500FDA207 /* Frameworks */ = {
			isa = PBXFrameworksBuildPhase;
			buildActionMask = 2147483647;
			files = (
			);
			runOnlyForDeploymentPostprocessing = 0;
		};
		33996516248C8B6500FDA207 /* Frameworks */ = {
			isa = PBXFrameworksBuildPhase;
			buildActionMask = 2147483647;
			files = (
			);
			runOnlyForDeploymentPostprocessing = 0;
		};
		33996521248C8B6500FDA207 /* Frameworks */ = {
			isa = PBXFrameworksBuildPhase;
			buildActionMask = 2147483647;
			files = (
			);
			runOnlyForDeploymentPostprocessing = 0;
		};
/* End PBXFrameworksBuildPhase section */

/* Begin PBXGroup section */
		339964FA248C8B5400FDA207 = {
			isa = PBXGroup;
			children = (
				33996505248C8B5500FDA207 /* bango3 */,
				3399651C248C8B6500FDA207 /* bango3Tests */,
				33996527248C8B6500FDA207 /* bango3UITests */,
				33996504248C8B5500FDA207 /* Products */,
			);
			sourceTree = "<group>";
		};
		33996504248C8B5500FDA207 /* Products */ = {
			isa = PBXGroup;
			children = (
				33996503248C8B5500FDA207 /* bango3.app */,
				33996519248C8B6500FDA207 /* bango3Tests.xctest */,
				33996524248C8B6500FDA207 /* bango3UITests.xctest */,
			);
			name = Products;
			sourceTree = "<group>";
		};
		33996505248C8B5500FDA207 /* bango3 */ = {
			isa = PBXGroup;
			children = (
				33996506248C8B5500FDA207 /* AppDelegate.swift */,
				33996508248C8B5500FDA207 /* SceneDelegate.swift */,
				3399650A248C8B5500FDA207 /* ViewController.swift */,
				3399650C248C8B5500FDA207 /* Main.storyboard */,
				3399650F248C8B6400FDA207 /* Assets.xcassets */,
				33996511248C8B6400FDA207 /* LaunchScreen.storyboard */,
				33996514248C8B6400FDA207 /* Info.plist */,
			);
			path = bango3;
			sourceTree = "<group>";
		};
		3399651C248C8B6500FDA207 /* bango3Tests */ = {
			isa = PBXGroup;
			children = (
				3399651D248C8B6500FDA207 /* bango3Tests.swift */,
				3399651F248C8B6500FDA207 /* Info.plist */,
			);
			path = bango3Tests;
			sourceTree = "<group>";
		};
		33996527248C8B6500FDA207 /* bango3UITests */ = {
			isa = PBXGroup;
			children = (
				33996528248C8B6500FDA207 /* bango3UITests.swift */,
				3399652A248C8B6500FDA207 /* Info.plist */,
			);
			path = bango3UITests;
			sourceTree = "<group>";
		};
/* End PBXGroup section */

/* Begin PBXNativeTarget section */
		33996502248C8B5500FDA207 /* bango3 */ = {
			isa = PBXNativeTarget;
			buildConfigurationList = 3399652D248C8B6500FDA207 /* Build configuration list for PBXNativeTarget "bango3" */;
			buildPhases = (
				339964FF248C8B5500FDA207 /* Sources */,
				33996500248C8B5500FDA207 /* Frameworks */,
				33996501248C8B5500FDA207 /* Resources */,
			);
			buildRules = (
			);
			dependencies = (
			);
			name = bango3;
			productName = bango3;
			productReference = 33996503248C8B5500FDA207 /* bango3.app */;
			productType = "com.apple.product-type.application";
		};
		33996518248C8B6500FDA207 /* bango3Tests */ = {
			isa = PBXNativeTarget;
			buildConfigurationList = 33996530248C8B6500FDA207 /* Build configuration list for PBXNativeTarget "bango3Tests" */;
			buildPhases = (
				33996515248C8B6500FDA207 /* Sources */,
				33996516248C8B6500FDA207 /* Frameworks */,
				33996517248C8B6500FDA207 /* Resources */,
			);
			buildRules = (
			);
			dependencies = (
				3399651B248C8B6500FDA207 /* PBXTargetDependency */,
			);
			name = bango3Tests;
			productName = bango3Tests;
			productReference = 33996519248C8B6500FDA207 /* bango3Tests.xctest */;
			productType = "com.apple.product-type.bundle.unit-test";
		};
		33996523248C8B6500FDA207 /* bango3UITests */ = {
			isa = PBXNativeTarget;
			buildConfigurationList = 33996533248C8B6500FDA207 /* Build configuration list for PBXNativeTarget "bango3UITests" */;
			buildPhases = (
				33996520248C8B6500FDA207 /* Sources */,
				33996521248C8B6500FDA207 /* Frameworks */,
				33996522248C8B6500FDA207 /* Resources */,
			);
			buildRules = (
			);
			dependencies = (
				33996526248C8B6500FDA207 /* PBXTargetDependency */,
			);
			name = bango3UITests;
			productName = bango3UITests;
			productReference = 33996524248C8B6500FDA207 /* bango3UITests.xctest */;
			productType = "com.apple.product-type.bundle.ui-testing";
		};
/* End PBXNativeTarget section */

/* Begin PBXProject section */
		339964FB248C8B5500FDA207 /* Project object */ = {
			isa = PBXProject;
			attributes = {
				LastSwiftUpdateCheck = 1140;
				LastUpgradeCheck = 1140;
				ORGANIZATIONNAME = "Nishiwaki sen";
				TargetAttributes = {
					33996502248C8B5500FDA207 = {
						CreatedOnToolsVersion = 11.4.1;
					};
					33996518248C8B6500FDA207 = {
						CreatedOnToolsVersion = 11.4.1;
						TestTargetID = 33996502248C8B5500FDA207;
					};
					33996523248C8B6500FDA207 = {
						CreatedOnToolsVersion = 11.4.1;
						TestTargetID = 33996502248C8B5500FDA207;
					};
				};
			};
			buildConfigurationList = 339964FE248C8B5500FDA207 /* Build configuration list for PBXProject "bango3" */;
			compatibilityVersion = "Xcode 9.3";
			developmentRegion = en;
			hasScannedForEncodings = 0;
			knownRegions = (
				en,
				Base,
			);
			mainGroup = 339964FA248C8B5400FDA207;
			productRefGroup = 33996504248C8B5500FDA207 /* Products */;
			projectDirPath = "";
			projectRoot = "";
			targets = (
				33996502248C8B5500FDA207 /* bango3 */,
				33996518248C8B6500FDA207 /* bango3Tests */,
				33996523248C8B6500FDA207 /* bango3UITests */,
			);
		};
/* End PBXProject section */

/* Begin PBXResourcesBuildPhase section */
		33996501248C8B5500FDA207 /* Resources */ = {
			isa = PBXResourcesBuildPhase;
			buildActionMask = 2147483647;
			files = (
				33996513248C8B6400FDA207 /* LaunchScreen.storyboard in Resources */,
				33996510248C8B6400FDA207 /* Assets.xcassets in Resources */,
				3399650E248C8B5500FDA207 /* Main.storyboard in Resources */,
			);
			runOnlyForDeploymentPostprocessing = 0;
		};
		33996517248C8B6500FDA207 /* Resources */ = {
			isa = PBXResourcesBuildPhase;
			buildActionMask = 2147483647;
			files = (
			);
			runOnlyForDeploymentPostprocessing = 0;
		};
		33996522248C8B6500FDA207 /* Resources */ = {
			isa = PBXResourcesBuildPhase;
			buildActionMask = 2147483647;
			files = (
			);
			runOnlyForDeploymentPostprocessing = 0;
		};
/* End PBXResourcesBuildPhase section */

/* Begin PBXSourcesBuildPhase section */
		339964FF248C8B5500FDA207 /* Sources */ = {
			isa = PBXSourcesBuildPhase;
			buildActionMask = 2147483647;
			files = (
				3399650B248C8B5500FDA207 /* ViewController.swift in Sources */,
				33996507248C8B5500FDA207 /* AppDelegate.swift in Sources */,
				33996509248C8B5500FDA207 /* SceneDelegate.swift in Sources */,
			);
			runOnlyForDeploymentPostprocessing = 0;
		};
		33996515248C8B6500FDA207 /* Sources */ = {
			isa = PBXSourcesBuildPhase;
			buildActionMask = 2147483647;
			files = (
				3399651E248C8B6500FDA207 /* bango3Tests.swift in Sources */,
			);
			runOnlyForDeploymentPostprocessing = 0;
		};
		33996520248C8B6500FDA207 /* Sources */ = {
			isa = PBXSourcesBuildPhase;
			buildActionMask = 2147483647;
			files = (
				33996529248C8B6500FDA207 /* bango3UITests.swift in Sources */,
			);
			runOnlyForDeploymentPostprocessing = 0;
		};
/* End PBXSourcesBuildPhase section */

/* Begin PBXTargetDependency section */
		3399651B248C8B6500FDA207 /* PBXTargetDependency */ = {
			isa = PBXTargetDependency;
			target = 33996502248C8B5500FDA207 /* bango3 */;
			targetProxy = 3399651A248C8B6500FDA207 /* PBXContainerItemProxy */;
		};
		33996526248C8B6500FDA207 /* PBXTargetDependency */ = {
			isa = PBXTargetDependency;
			target = 33996502248C8B5500FDA207 /* bango3 */;
			targetProxy = 33996525248C8B6500FDA207 /* PBXContainerItemProxy */;
		};
/* End PBXTargetDependency section */

/* Begin PBXVariantGroup section */
		3399650C248C8B5500FDA207 /* Main.storyboard */ = {
			isa = PBXVariantGroup;
			children = (
				3399650D248C8B5500FDA207 /* Base */,
			);
			name = Main.storyboard;
			sourceTree = "<group>";
		};
		33996511248C8B6400FDA207 /* LaunchScreen.storyboard */ = {
			isa = PBXVariantGroup;
			children = (
				33996512248C8B6400FDA207 /* Base */,
			);
			name = LaunchScreen.storyboard;
			sourceTree = "<group>";
		};
/* End PBXVariantGroup section */

/* Begin XCBuildConfiguration section */
		3399652B248C8B6500FDA207 /* Debug */ = {
			isa = XCBuildConfiguration;
			buildSettings = {
				ALWAYS_SEARCH_USER_PATHS = NO;
				CLANG_ANALYZER_NONNULL = YES;
				CLANG_ANALYZER_NUMBER_OBJECT_CONVERSION = YES_AGGRESSIVE;
				CLANG_CXX_LANGUAGE_STANDARD = "gnu++14";
				CLANG_CXX_LIBRARY = "libc++";
				CLANG_ENABLE_MODULES = YES;
				CLANG_ENABLE_OBJC_ARC = YES;
				CLANG_ENABLE_OBJC_WEAK = YES;
				CLANG_WARN_BLOCK_CAPTURE_AUTORELEASING = YES;
				CLANG_WARN_BOOL_CONVERSION = YES;
				CLANG_WARN_COMMA = YES;
				CLANG_WARN_CONSTANT_CONVERSION = YES;
				CLANG_WARN_DEPRECATED_OBJC_IMPLEMENTATIONS = YES;
				CLANG_WARN_DIRECT_OBJC_ISA_USAGE = YES_ERROR;
				CLANG_WARN_DOCUMENTATION_COMMENTS = YES;
				CLANG_WARN_EMPTY_BODY = YES;
				CLANG_WARN_ENUM_CONVERSION = YES;
				CLANG_WARN_INFINITE_RECURSION = YES;
				CLANG_WARN_INT_CONVERSION = YES;
				CLANG_WARN_NON_LITERAL_NULL_CONVERSION = YES;
				CLANG_WARN_OBJC_IMPLICIT_RETAIN_SELF = YES;
				CLANG_WARN_OBJC_LITERAL_CONVERSION = YES;
				CLANG_WARN_OBJC_ROOT_CLASS = YES_ERROR;
				CLANG_WARN_RANGE_LOOP_ANALYSIS = YES;
				CLANG_WARN_STRICT_PROTOTYPES = YES;
				CLANG_WARN_SUSPICIOUS_MOVE = YES;
				CLANG_WARN_UNGUARDED_AVAILABILITY = YES_AGGRESSIVE;
				CLANG_WARN_UNREACHABLE_CODE = YES;
				CLANG_WARN__DUPLICATE_METHOD_MATCH = YES;
				COPY_PHASE_STRIP = NO;
				DEBUG_INFORMATION_FORMAT = dwarf;
				ENABLE_STRICT_OBJC_MSGSEND = YES;
				ENABLE_TESTABILITY = YES;
				GCC_C_LANGUAGE_STANDARD = gnu11;
				GCC_DYNAMIC_NO_PIC = NO;
				GCC_NO_COMMON_BLOCKS = YES;
				GCC_OPTIMIZATION_LEVEL = 0;
				GCC_PREPROCESSOR_DEFINITIONS = (
					"DEBUG=1",
					"$(inherited)",
				);
				GCC_WARN_64_TO_32_BIT_CONVERSION = YES;
				GCC_WARN_ABOUT_RETURN_TYPE = YES_ERROR;
				GCC_WARN_UNDECLARED_SELECTOR = YES;
				GCC_WARN_UNINITIALIZED_AUTOS = YES_AGGRESSIVE;
				GCC_WARN_UNUSED_FUNCTION = YES;
				GCC_WARN_UNUSED_VARIABLE = YES;
				IPHONEOS_DEPLOYMENT_TARGET = 13.4;
				MTL_ENABLE_DEBUG_INFO = INCLUDE_SOURCE;
				MTL_FAST_MATH = YES;
				ONLY_ACTIVE_ARCH = YES;
				SDKROOT = iphoneos;
				SWIFT_ACTIVE_COMPILATION_CONDITIONS = DEBUG;
				SWIFT_OPTIMIZATION_LEVEL = "-Onone";
			};
			name = Debug;
		};
		3399652C248C8B6500FDA207 /* Release */ = {
			isa = XCBuildConfiguration;
			buildSettings = {
				ALWAYS_SEARCH_USER_PATHS = NO;
				CLANG_ANALYZER_NONNULL = YES;
				CLANG_ANALYZER_NUMBER_OBJECT_CONVERSION = YES_AGGRESSIVE;
				CLANG_CXX_LANGUAGE_STANDARD = "gnu++14";
				CLANG_CXX_LIBRARY = "libc++";
				CLANG_ENABLE_MODULES = YES;
				CLANG_ENABLE_OBJC_ARC = YES;
				CLANG_ENABLE_OBJC_WEAK = YES;
				CLANG_WARN_BLOCK_CAPTURE_AUTORELEASING = YES;
				CLANG_WARN_BOOL_CONVERSION = YES;
				CLANG_WARN_COMMA = YES;
				CLANG_WARN_CONSTANT_CONVERSION = YES;
				CLANG_WARN_DEPRECATED_OBJC_IMPLEMENTATIONS = YES;
				CLANG_WARN_DIRECT_OBJC_ISA_USAGE = YES_ERROR;
				CLANG_WARN_DOCUMENTATION_COMMENTS = YES;
				CLANG_WARN_EMPTY_BODY = YES;
				CLANG_WARN_ENUM_CONVERSION = YES;
				CLANG_WARN_INFINITE_RECURSION = YES;
				CLANG_WARN_INT_CONVERSION = YES;
				CLANG_WARN_NON_LITERAL_NULL_CONVERSION = YES;
				CLANG_WARN_OBJC_IMPLICIT_RETAIN_SELF = YES;
				CLANG_WARN_OBJC_LITERAL_CONVERSION = YES;
				CLANG_WARN_OBJC_ROOT_CLASS = YES_ERROR;
				CLANG_WARN_RANGE_LOOP_ANALYSIS = YES;
				CLANG_WARN_STRICT_PROTOTYPES = YES;
				CLANG_WARN_SUSPICIOUS_MOVE = YES;
				CLANG_WARN_UNGUARDED_AVAILABILITY = YES_AGGRESSIVE;
				CLANG_WARN_UNREACHABLE_CODE = YES;
				CLANG_WARN__DUPLICATE_METHOD_MATCH = YES;
				COPY_PHASE_STRIP = NO;
				DEBUG_INFORMATION_FORMAT = "dwarf-with-dsym";
				ENABLE_NS_ASSERTIONS = NO;
				ENABLE_STRICT_OBJC_MSGSEND = YES;
				GCC_C_LANGUAGE_STANDARD = gnu11;
				GCC_NO_COMMON_BLOCKS = YES;
				GCC_WARN_64_TO_32_BIT_CONVERSION = YES;
				GCC_WARN_ABOUT_RETURN_TYPE = YES_ERROR;
				GCC_WARN_UNDECLARED_SELECTOR = YES;
				GCC_WARN_UNINITIALIZED_AUTOS = YES_AGGRESSIVE;
				GCC_WARN_UNUSED_FUNCTION = YES;
				GCC_WARN_UNUSED_VARIABLE = YES;
				IPHONEOS_DEPLOYMENT_TARGET = 13.4;
				MTL_ENABLE_DEBUG_INFO = NO;
				MTL_FAST_MATH = YES;
				SDKROOT = iphoneos;
				SWIFT_COMPILATION_MODE = wholemodule;
				SWIFT_OPTIMIZATION_LEVEL = "-O";
				VALIDATE_PRODUCT = YES;
			};
			name = Release;
		};
		3399652E248C8B6500FDA207 /* Debug */ = {
			isa = XCBuildConfiguration;
			buildSettings = {
				ASSETCATALOG_COMPILER_APPICON_NAME = AppIcon;
				CODE_SIGN_STYLE = Automatic;
				INFOPLIST_FILE = bango3/Info.plist;
				LD_RUNPATH_SEARCH_PATHS = (
					"$(inherited)",
					"@executable_path/Frameworks",
				);
				PRODUCT_BUNDLE_IDENTIFIER = "Nishiwaki-sen.bango3";
				PRODUCT_NAME = "$(TARGET_NAME)";
				SWIFT_VERSION = 5.0;
				TARGETED_DEVICE_FAMILY = "1,2";
			};
			name = Debug;
		};
		3399652F248C8B6500FDA207 /* Release */ = {
			isa = XCBuildConfiguration;
			buildSettings = {
				ASSETCATALOG_COMPILER_APPICON_NAME = AppIcon;
				CODE_SIGN_STYLE = Automatic;
				INFOPLIST_FILE = bango3/Info.plist;
				LD_RUNPATH_SEARCH_PATHS = (
					"$(inherited)",
					"@executable_path/Frameworks",
				);
				PRODUCT_BUNDLE_IDENTIFIER = "Nishiwaki-sen.bango3";
				PRODUCT_NAME = "$(TARGET_NAME)";
				SWIFT_VERSION = 5.0;
				TARGETED_DEVICE_FAMILY = "1,2";
			};
			name = Release;
		};
		33996531248C8B6500FDA207 /* Debug */ = {
			isa = XCBuildConfiguration;
			buildSettings = {
				ALWAYS_EMBED_SWIFT_STANDARD_LIBRARIES = YES;
				BUNDLE_LOADER = "$(TEST_HOST)";
				CODE_SIGN_STYLE = Automatic;
				INFOPLIST_FILE = bango3Tests/Info.plist;
				IPHONEOS_DEPLOYMENT_TARGET = 13.4;
				LD_RUNPATH_SEARCH_PATHS = (
					"$(inherited)",
					"@executable_path/Frameworks",
					"@loader_path/Frameworks",
				);
				PRODUCT_BUNDLE_IDENTIFIER = "Nishiwaki-sen.bango3Tests";
				PRODUCT_NAME = "$(TARGET_NAME)";
				SWIFT_VERSION = 5.0;
				TARGETED_DEVICE_FAMILY = "1,2";
				TEST_HOST = "$(BUILT_PRODUCTS_DIR)/bango3.app/bango3";
			};
			name = Debug;
		};
		33996532248C8B6500FDA207 /* Release */ = {
			isa = XCBuildConfiguration;
			buildSettings = {
				ALWAYS_EMBED_SWIFT_STANDARD_LIBRARIES = YES;
				BUNDLE_LOADER = "$(TEST_HOST)";
				CODE_SIGN_STYLE = Automatic;
				INFOPLIST_FILE = bango3Tests/Info.plist;
				IPHONEOS_DEPLOYMENT_TARGET = 13.4;
				LD_RUNPATH_SEARCH_PATHS = (
					"$(inherited)",
					"@executable_path/Frameworks",
					"@loader_path/Frameworks",
				);
				PRODUCT_BUNDLE_IDENTIFIER = "Nishiwaki-sen.bango3Tests";
				PRODUCT_NAME = "$(TARGET_NAME)";
				SWIFT_VERSION = 5.0;
				TARGETED_DEVICE_FAMILY = "1,2";
				TEST_HOST = "$(BUILT_PRODUCTS_DIR)/bango3.app/bango3";
			};
			name = Release;
		};
		33996534248C8B6500FDA207 /* Debug */ = {
			isa = XCBuildConfiguration;
			buildSettings = {
				ALWAYS_EMBED_SWIFT_STANDARD_LIBRARIES = YES;
				CODE_SIGN_STYLE = Automatic;
				INFOPLIST_FILE = bango3UITests/Info.plist;
				LD_RUNPATH_SEARCH_PATHS = (
					"$(inherited)",
					"@executable_path/Frameworks",
					"@loader_path/Frameworks",
				);
				PRODUCT_BUNDLE_IDENTIFIER = "Nishiwaki-sen.bango3UITests";
				PRODUCT_NAME = "$(TARGET_NAME)";
				SWIFT_VERSION = 5.0;
				TARGETED_DEVICE_FAMILY = "1,2";
				TEST_TARGET_NAME = bango3;
			};
			name = Debug;
		};
		33996535248C8B6500FDA207 /* Release */ = {
			isa = XCBuildConfiguration;
			buildSettings = {
				ALWAYS_EMBED_SWIFT_STANDARD_LIBRARIES = YES;
				CODE_SIGN_STYLE = Automatic;
				INFOPLIST_FILE = bango3UITests/Info.plist;
				LD_RUNPATH_SEARCH_PATHS = (
					"$(inherited)",
					"@executable_path/Frameworks",
					"@loader_path/Frameworks",
				);
				PRODUCT_BUNDLE_IDENTIFIER = "Nishiwaki-sen.bango3UITests";
				PRODUCT_NAME = "$(TARGET_NAME)";
				SWIFT_VERSION = 5.0;
				TARGETED_DEVICE_FAMILY = "1,2";
				TEST_TARGET_NAME = bango3;
			};
			name = Release;
		};
/* End XCBuildConfiguration section */

/* Begin XCConfigurationList section */
		339964FE248C8B5500FDA207 /* Build configuration list for PBXProject "bango3" */ = {
			isa = XCConfigurationList;
			buildConfigurations = (
				3399652B248C8B6500FDA207 /* Debug */,
				3399652C248C8B6500FDA207 /* Release */,
			);
			defaultConfigurationIsVisible = 0;
			defaultConfigurationName = Release;
		};
		3399652D248C8B6500FDA207 /* Build configuration list for PBXNativeTarget "bango3" */ = {
			isa = XCConfigurationList;
			buildConfigurations = (
				3399652E248C8B6500FDA207 /* Debug */,
				3399652F248C8B6500FDA207 /* Release */,
			);
			defaultConfigurationIsVisible = 0;
			defaultConfigurationName = Release;
		};
		33996530248C8B6500FDA207 /* Build configuration list for PBXNativeTarget "bango3Tests" */ = {
			isa = XCConfigurationList;
			buildConfigurations = (
				33996531248C8B6500FDA207 /* Debug */,
				33996532248C8B6500FDA207 /* Release */,
			);
			defaultConfigurationIsVisible = 0;
			defaultConfigurationName = Release;
		};
		33996533248C8B6500FDA207 /* Build configuration list for PBXNativeTarget "bango3UITests" */ = {
			isa = XCConfigurationList;
			buildConfigurations = (
				33996534248C8B6500FDA207 /* Debug */,
				33996535248C8B6500FDA207 /* Release */,
			);
			defaultConfigurationIsVisible = 0;
			defaultConfigurationName = Release;
		};
/* End XCConfigurationList section */
	};
	rootObject = 339964FB248C8B5500FDA207 /* Project object */;
}
